	<Project xmlns="http://schemas.microsoft.com/developer/msbuild/2003">
		<PropertyGroup>
			<ProjectGuid>{8DCA274F-E41C-4FCC-8353-4EC1854DB35C}</ProjectGuid>
			<ProjectVersion>13.4</ProjectVersion>
			<FrameworkType>FMI</FrameworkType>
			<MainSource>BouncingBalls.dpr</MainSource>
			<Base>True</Base>
			<Config Condition="'$(Config)'==''">Debug</Config>
			<Platform Condition="'$(Platform)'==''">Win32</Platform>
			<TargetedPlatforms>1</TargetedPlatforms>
			<AppType>Application</AppType>
		</PropertyGroup>
		<PropertyGroup Condition="'$(Config)'=='Base' or '$(Base)'!=''">
			<Base>true</Base>
		</PropertyGroup>
		<PropertyGroup Condition="('$(Platform)'=='Win32' and '$(Base)'=='true') or '$(Base_Win32)'!=''">
			<Base_Win32>true</Base_Win32>
			<CfgParent>Base</CfgParent>
			<Base>true</Base>
		</PropertyGroup>
		<PropertyGroup Condition="'$(Config)'=='Debug' or '$(Cfg_1)'!=''">
			<Cfg_1>true</Cfg_1>
			<CfgParent>Base</CfgParent>
			<Base>true</Base>
		</PropertyGroup>
		<PropertyGroup Condition="('$(Platform)'=='Win32' and '$(Cfg_1)'=='true') or '$(Cfg_1_Win32)'!=''">
			<Cfg_1_Win32>true</Cfg_1_Win32>
			<CfgParent>Cfg_1</CfgParent>
			<Cfg_1>true</Cfg_1>
			<Base>true</Base>
		</PropertyGroup>
		<PropertyGroup Condition="'$(Config)'=='Release' or '$(Cfg_2)'!=''">
			<Cfg_2>true</Cfg_2>
			<CfgParent>Base</CfgParent>
			<Base>true</Base>
		</PropertyGroup>
		<PropertyGroup Condition="'$(Base)'!=''">
			<Manifest_File>None</Manifest_File>
			<VerInfo_Keys>CompanyName=;FileDescription=;FileVersion=1.0.0.0;InternalName=;LegalCopyright=;LegalTrademarks=;OriginalFilename=;ProductName=;ProductVersion=1.0.0.0;Comments=</VerInfo_Keys>
			<VerInfo_Locale>1029</VerInfo_Locale>
			<DCC_BplOutput>C:\Projekt\pluginFM\dcu\$(Platform)\$(Config)</DCC_BplOutput>
			<DCC_DcpOutput>C:\Projekt\pluginFM\dcu\$(Platform)\$(Config)</DCC_DcpOutput>
			<DCC_UsePackage>bindcompfmx;fmx;rtl;dbrtl;IndySystem;DbxClientDriver;bindcomp;inetdb;DBXInterBaseDriver;dacfmx160;xmlrtl;ibxpress;DbxCommonDriver;IndyProtocols;DBXMySQLDriver;dbxcds;FMXTee;bindengine;soaprtl;dac160;CustomIPTransport;dsnap;fmxase;IndyCore;CloudService;FmxTeeUI;inet;fmxobj;inetdbxpress;fmxdae;IPIndyImpl;dbexpress;$(DCC_UsePackage)</DCC_UsePackage>
			<Icon_MainIcon>$(BDS)\bin\delphi_PROJECTICON.ico</Icon_MainIcon>
			<DCC_Namespace>System;Xml;Data;Datasnap;Web;Soap;$(DCC_Namespace)</DCC_Namespace>
			<DCC_DcuOutput>C:\Projekt\pluginFM\dcu\$(Platform)\$(Config)</DCC_DcuOutput>
			<DCC_ExeOutput>C:\Projekt\pluginFM\exe\$(Platform)\$(Config)</DCC_ExeOutput>
			<DCC_E>false</DCC_E>
			<DCC_N>false</DCC_N>
			<DCC_S>false</DCC_S>
			<DCC_F>false</DCC_F>
			<DCC_K>false</DCC_K>
		</PropertyGroup>
		<PropertyGroup Condition="'$(Base_Win32)'!=''">
			<DCC_UsePackage>sdac160;vcldbx;TeeDB;HeliosHD;sdacfmx160;vclib;inetdbbde;Tee;crcontrols160;svnui;vclimg;fmi;intrawebdb_120_160;vclactnband;TeeUI;vcldb;vcldsnap;bindcompvcl;vclie;vcltouch;Intraweb_120_160;dacvcl160;websnap;vclribbon;VclSmp;vcl;CodeSiteExpressPkg;dsnapcon;vclx;webdsnap;svn;sdacvcl160;iOSComps;bdertl;adortl;$(DCC_UsePackage)</DCC_UsePackage>
			<VerInfo_IncludeVerInfo>true</VerInfo_IncludeVerInfo>
			<DCC_Namespace>Winapi;System.Win;Data.Win;Datasnap.Win;Web.Win;Soap.Win;Xml.Win;Bde;$(DCC_Namespace)</DCC_Namespace>
			<VerInfo_Locale>1033</VerInfo_Locale>
			<Manifest_File>$(BDS)\bin\default_app.manifest</Manifest_File>
			<VerInfo_Keys>CompanyName=;FileDescription=;FileVersion=1.0.0.0;InternalName=;LegalCopyright=;LegalTrademarks=;OriginalFilename=;ProductName=;ProductVersion=1.0.0.0;Comments=</VerInfo_Keys>
		</PropertyGroup>
		<PropertyGroup Condition="'$(Cfg_1)'!=''">
			<DCC_Define>DEBUG;$(DCC_Define)</DCC_Define>
			<DCC_Optimize>false</DCC_Optimize>
			<DCC_GenerateStackFrames>true</DCC_GenerateStackFrames>
			<DCC_DebugInfoInExe>true</DCC_DebugInfoInExe>
			<DCC_RemoteDebug>true</DCC_RemoteDebug>
		</PropertyGroup>
		<PropertyGroup Condition="'$(Cfg_1_Win32)'!=''">
			<VerInfo_IncludeVerInfo>true</VerInfo_IncludeVerInfo>
			<VerInfo_Locale>1033</VerInfo_Locale>
			<DCC_RemoteDebug>false</DCC_RemoteDebug>
		</PropertyGroup>
		<PropertyGroup Condition="'$(Cfg_2)'!=''">
			<DCC_LocalDebugSymbols>false</DCC_LocalDebugSymbols>
			<DCC_Define>RELEASE;$(DCC_Define)</DCC_Define>
			<DCC_SymbolReferenceInfo>0</DCC_SymbolReferenceInfo>
			<DCC_DebugInformation>false</DCC_DebugInformation>
		</PropertyGroup>
		<ItemGroup>
			<DelphiCompile Include="$(MainSource)">
				<MainSource>MainSource</MainSource>
			</DelphiCompile>
			<DCCReference Include="Unit7.pas">
				<Form>Form7</Form>
				<DesignClass>TForm3D</DesignClass>
			</DCCReference>
			<BuildConfiguration Include="Release">
				<Key>Cfg_2</Key>
				<CfgParent>Base</CfgParent>
			</BuildConfiguration>
			<BuildConfiguration Include="Base">
				<Key>Base</Key>
			</BuildConfiguration>
			<BuildConfiguration Include="Debug">
				<Key>Cfg_1</Key>
				<CfgParent>Base</CfgParent>
			</BuildConfiguration>
		</ItemGroup>
		<ProjectExtensions>
			<Borland.Personality>Delphi.Personality.12</Borland.Personality>
			<Borland.ProjectType/>
			<BorlandProject>
				<Delphi.Personality>
					<VersionInfo>
						<VersionInfo Name="IncludeVerInfo">False</VersionInfo>
						<VersionInfo Name="AutoIncBuild">False</VersionInfo>
						<VersionInfo Name="MajorVer">1</VersionInfo>
						<VersionInfo Name="MinorVer">0</VersionInfo>
						<VersionInfo Name="Release">0</VersionInfo>
						<VersionInfo Name="Build">0</VersionInfo>
						<VersionInfo Name="Debug">False</VersionInfo>
						<VersionInfo Name="PreRelease">False</VersionInfo>
						<VersionInfo Name="Special">False</VersionInfo>
						<VersionInfo Name="Private">False</VersionInfo>
						<VersionInfo Name="DLL">False</VersionInfo>
						<VersionInfo Name="Locale">1029</VersionInfo>
						<VersionInfo Name="CodePage">1250</VersionInfo>
					</VersionInfo>
					<VersionInfoKeys>
						<VersionInfoKeys Name="CompanyName"/>
						<VersionInfoKeys Name="FileDescription"/>
						<VersionInfoKeys Name="FileVersion">1.0.0.0</VersionInfoKeys>
						<VersionInfoKeys Name="InternalName"/>
						<VersionInfoKeys Name="LegalCopyright"/>
						<VersionInfoKeys Name="LegalTrademarks"/>
						<VersionInfoKeys Name="OriginalFilename"/>
						<VersionInfoKeys Name="ProductName"/>
						<VersionInfoKeys Name="ProductVersion">1.0.0.0</VersionInfoKeys>
						<VersionInfoKeys Name="Comments"/>
					</VersionInfoKeys>
					<Source>
						<Source Name="MainSource">BouncingBalls.dpr</Source>
					</Source>
					<Excluded_Packages>
						<Excluded_Packages Name="$(BDSBIN)\VclSmp160.bpl">Embarcadero Sample Components</Excluded_Packages>
						<Excluded_Packages Name="$(BDSBIN)\svnui160.bpl">User interface code for subversion integration</Excluded_Packages>
						<Excluded_Packages Name="$(BDSBIN)\svn160.bpl">Subversion integration</Excluded_Packages>
						<Excluded_Packages Name="$(BDSBIN)\FMXTeeUI9160.bpl">TeeChart FMX User Interface</Excluded_Packages>
						<Excluded_Packages Name="$(BDSBIN)\FMXTee9160.bpl">TeeChart for FireMonkey</Excluded_Packages>
						<Excluded_Packages Name="$(BDSBIN)\bdertl160.bpl">Embarcadero BDE Database Components</Excluded_Packages>
						<Excluded_Packages Name="$(BDSBIN)\TeeUI9160.bpl">TeeChart User Interface Components</Excluded_Packages>
						<Excluded_Packages Name="$(BDSBIN)\TeeDB9160.bpl">TeeChart Database Components</Excluded_Packages>
						<Excluded_Packages Name="$(BDSBIN)\Tee9160.bpl">TeeChart Components</Excluded_Packages>
						<Excluded_Packages Name="$(BDSBIN)\bindengine160.bpl">Embarcadero LiveBindings Runtime Package</Excluded_Packages>
						<Excluded_Packages Name="$(BDSBIN)\bindcomp160.bpl">Embarcadero LiveBindings Components</Excluded_Packages>
						<Excluded_Packages Name="$(BDSBIN)\bindcompfmx162.bpl">Embarcadero LiveBindings Components Firemonkey</Excluded_Packages>
						<Excluded_Packages Name="$(BDSBIN)\bindcompvcl160.bpl">Embarcadero LiveBindings Components VCL</Excluded_Packages>
						<Excluded_Packages Name="$(BDSBIN)\vcldbx160.bpl">Embarcadero Compatibility Database Components</Excluded_Packages>
						<Excluded_Packages Name="$(BDSBIN)\vcldb160.bpl">Embarcadero Database Components</Excluded_Packages>
						<Excluded_Packages Name="$(BDSBIN)\vcltouch160.bpl">Embarcadero Touch VCL Components</Excluded_Packages>
						<Excluded_Packages Name="$(BDSBIN)\dsnapcon160.bpl">Embarcadero DataSnap Connection Components</Excluded_Packages>
						<Excluded_Packages Name="$(BDSBIN)\vcldsnap160.bpl">Embarcadero Vcl DataSnap Components</Excluded_Packages>
						<Excluded_Packages Name="$(BDSBIN)\vclib160.bpl">Embarcadero InterBase Express VCL Controls</Excluded_Packages>
						<Excluded_Packages Name="$(BDSBIN)\ibxpress160.bpl">Embarcadero InterBase Express Components</Excluded_Packages>
						<Excluded_Packages Name="$(BDSBIN)\adortl160.bpl">Embarcadero ADO Database Components</Excluded_Packages>
						<Excluded_Packages Name="$(BDSBIN)\IndyCore160.bpl">Indy 10 Core</Excluded_Packages>
						<Excluded_Packages Name="$(BDSBIN)\IndySystem160.bpl">Indy 10 System</Excluded_Packages>
						<Excluded_Packages Name="$(BDSBIN)\IndyProtocols160.bpl">Indy 10 Protocols</Excluded_Packages>
						<Excluded_Packages Name="$(BDSBIN)\intrawebdb_120_160.bpl">IntraWeb 12.0 Runtime DB Package for RAD Studio XE2</Excluded_Packages>
						<Excluded_Packages Name="$(BDSBIN)\Intraweb_120_160.bpl">IntraWeb 12.0 Runtime Package for RAD Studio XE2</Excluded_Packages>
						<Excluded_Packages Name="$(BDSBIN)\inetdb160.bpl">Embarcadero Internet/World Wide Web database components</Excluded_Packages>
						<Excluded_Packages Name="$(BDSBIN)\webdsnap160.bpl">Embarcadero InternetExpress Components</Excluded_Packages>
						<Excluded_Packages Name="$(BDSBIN)\inetdbbde160.bpl">(untitled)</Excluded_Packages>
						<Excluded_Packages Name="$(BDSBIN)\inetdbxpress160.bpl">(untitled)</Excluded_Packages>
						<Excluded_Packages Name="$(BDSBIN)\websnap160.bpl">Embarcadero WebSnap Components</Excluded_Packages>
						<Excluded_Packages Name="$(BDSBIN)\vclribbon160.bpl">Embarcadero Ribbon Components</Excluded_Packages>
						<Excluded_Packages Name="$(BDSBIN)\DBXMySQLDriver160.bpl">Embarcadero MySQL Client</Excluded_Packages>
						<Excluded_Packages Name="$(BDSBIN)\DBXInterBaseDriver160.bpl">Embarcadero InterBase Client</Excluded_Packages>
						<Excluded_Packages Name="$(BDSBIN)\IPIndyImpl160.bpl">Embarcadero IP Indy Implementation</Excluded_Packages>
						<Excluded_Packages Name="$(BDSBIN)\dbxcds160.bpl">Embarcadero SimpleDataSet Component (DBX)</Excluded_Packages>
						<Excluded_Packages Name="$(BDSBIN)\CloudService160.bpl">Embarcadero Cloud Components</Excluded_Packages>
						<Excluded_Packages Name="$(BDSBIN)\fmxobj162.bpl">Embarcadero FMX OBJ Import Library</Excluded_Packages>
						<Excluded_Packages Name="$(BDSBIN)\fmxdae162.bpl">Embarcadero FMX DAE Import Library</Excluded_Packages>
						<Excluded_Packages Name="$(BDSBIN)\fmxase162.bpl">Embarcadero FMX ASE Import Library</Excluded_Packages>
						<Excluded_Packages Name="$(BDSBIN)\dcloffice2k160.bpl">Microsoft Office 2000 Sample Automation Server Wrapper Components</Excluded_Packages>
						<Excluded_Packages Name="$(BDSBIN)\office2K160.bpl">(untitled)</Excluded_Packages>
						<Excluded_Packages Name="$(BDSBIN)\dclofficexp160.bpl">Microsoft Office XP Sample Automation Server Wrapper Components</Excluded_Packages>
					</Excluded_Packages>
				</Delphi.Personality>
				<Deployment/>
				<Platforms>
					<Platform value="Win32">True</Platform>
				</Platforms>
			</BorlandProject>
			<ProjectFileVersion>12</ProjectFileVersion>
		</ProjectExtensions>
		<Import Condition="Exists('$(BDS)\Bin\CodeGear.Delphi.Targets')" Project="$(BDS)\Bin\CodeGear.Delphi.Targets"/>
		<Import Condition="Exists('$(APPDATA)\Embarcadero\$(BDSAPPDATABASEDIR)\$(PRODUCTVERSION)\UserTools.proj')" Project="$(APPDATA)\Embarcadero\$(BDSAPPDATABASEDIR)\$(PRODUCTVERSION)\UserTools.proj"/>
	</Project>
